// !$*UTF8*$!
{
	archiveVersion = 1;
	classes = {
	};
	objectVersion = 51;
	objects = {

/* Begin PBXBuildFile section */
		577C1BCA249166AB00AC9405 /* APIConfiguration.swift in Sources */ = {isa = PBXBuildFile; fileRef = 577C1BC9249166AB00AC9405 /* APIConfiguration.swift */; };
		577C1BCC2491672400AC9405 /* Constant.swift in Sources */ = {isa = PBXBuildFile; fileRef = 577C1BCB2491672400AC9405 /* Constant.swift */; };
		577C1BCE249167DB00AC9405 /* APIRouter.swift in Sources */ = {isa = PBXBuildFile; fileRef = 577C1BCD249167DB00AC9405 /* APIRouter.swift */; };
		577C1BD124916BF100AC9405 /* DogResponse.swift in Sources */ = {isa = PBXBuildFile; fileRef = 577C1BD024916BF100AC9405 /* DogResponse.swift */; };
		57D6B72E24E792A400203BF8 /* NetworkCaller.swift in Sources */ = {isa = PBXBuildFile; fileRef = 57D6B72D24E792A400203BF8 /* NetworkCaller.swift */; };
		57EB99C8249165EA0096DDE4 /* AppDelegate.swift in Sources */ = {isa = PBXBuildFile; fileRef = 57EB99C7249165EA0096DDE4 /* AppDelegate.swift */; };
		57EB99CA249165EA0096DDE4 /* SceneDelegate.swift in Sources */ = {isa = PBXBuildFile; fileRef = 57EB99C9249165EA0096DDE4 /* SceneDelegate.swift */; };
		57EB99CC249165EA0096DDE4 /* ViewController.swift in Sources */ = {isa = PBXBuildFile; fileRef = 57EB99CB249165EA0096DDE4 /* ViewController.swift */; };
		57EB99CF249165EA0096DDE4 /* Main.storyboard in Resources */ = {isa = PBXBuildFile; fileRef = 57EB99CD249165EA0096DDE4 /* Main.storyboard */; };
		57EB99D1249165EB0096DDE4 /* Assets.xcassets in Resources */ = {isa = PBXBuildFile; fileRef = 57EB99D0249165EB0096DDE4 /* Assets.xcassets */; };
		57EB99D4249165EB0096DDE4 /* LaunchScreen.storyboard in Resources */ = {isa = PBXBuildFile; fileRef = 57EB99D2249165EB0096DDE4 /* LaunchScreen.storyboard */; };
		EF597A4687967ADD6994292D /* Pods_Network_layer.framework in Frameworks */ = {isa = PBXBuildFile; fileRef = D89672BBF8576115CD2FE24B /* Pods_Network_layer.framework */; };
/* End PBXBuildFile section */

/* Begin PBXFileReference section */
		577C1BC9249166AB00AC9405 /* APIConfiguration.swift */ = {isa = PBXFileReference; lastKnownFileType = sourcecode.swift; path = APIConfiguration.swift; sourceTree = "<group>"; };
		577C1BCB2491672400AC9405 /* Constant.swift */ = {isa = PBXFileReference; lastKnownFileType = sourcecode.swift; path = Constant.swift; sourceTree = "<group>"; };
		577C1BCD249167DB00AC9405 /* APIRouter.swift */ = {isa = PBXFileReference; lastKnownFileType = sourcecode.swift; path = APIRouter.swift; sourceTree = "<group>"; };
		577C1BD024916BF100AC9405 /* DogResponse.swift */ = {isa = PBXFileReference; lastKnownFileType = sourcecode.swift; path = DogResponse.swift; sourceTree = "<group>"; };
		57D6B72D24E792A400203BF8 /* NetworkCaller.swift */ = {isa = PBXFileReference; lastKnownFileType = sourcecode.swift; path = NetworkCaller.swift; sourceTree = "<group>"; };
		57EB99C4249165EA0096DDE4 /* Network layer.app */ = {isa = PBXFileReference; explicitFileType = wrapper.application; includeInIndex = 0; path = "Network layer.app"; sourceTree = BUILT_PRODUCTS_DIR; };
		57EB99C7249165EA0096DDE4 /* AppDelegate.swift */ = {isa = PBXFileReference; lastKnownFileType = sourcecode.swift; path = AppDelegate.swift; sourceTree = "<group>"; };
		57EB99C9249165EA0096DDE4 /* SceneDelegate.swift */ = {isa = PBXFileReference; lastKnownFileType = sourcecode.swift; path = SceneDelegate.swift; sourceTree = "<group>"; };
		57EB99CB249165EA0096DDE4 /* ViewController.swift */ = {isa = PBXFileReference; lastKnownFileType = sourcecode.swift; path = ViewController.swift; sourceTree = "<group>"; };
		57EB99CE249165EA0096DDE4 /* Base */ = {isa = PBXFileReference; lastKnownFileType = file.storyboard; name = Base; path = Base.lproj/Main.storyboard; sourceTree = "<group>"; };
		57EB99D0249165EB0096DDE4 /* Assets.xcassets */ = {isa = PBXFileReference; lastKnownFileType = folder.assetcatalog; path = Assets.xcassets; sourceTree = "<group>"; };
		57EB99D3249165EB0096DDE4 /* Base */ = {isa = PBXFileReference; lastKnownFileType = file.storyboard; name = Base; path = Base.lproj/LaunchScreen.storyboard; sourceTree = "<group>"; };
		57EB99D5249165EB0096DDE4 /* Info.plist */ = {isa = PBXFileReference; lastKnownFileType = text.plist.xml; path = Info.plist; sourceTree = "<group>"; };
		5E268428A740A537BCD2C85A /* Pods-Network layer.release.xcconfig */ = {isa = PBXFileReference; includeInIndex = 1; lastKnownFileType = text.xcconfig; name = "Pods-Network layer.release.xcconfig"; path = "Target Support Files/Pods-Network layer/Pods-Network layer.release.xcconfig"; sourceTree = "<group>"; };
		D89672BBF8576115CD2FE24B /* Pods_Network_layer.framework */ = {isa = PBXFileReference; explicitFileType = wrapper.framework; includeInIndex = 0; path = Pods_Network_layer.framework; sourceTree = BUILT_PRODUCTS_DIR; };
		FCF989657F891E3E35303130 /* Pods-Network layer.debug.xcconfig */ = {isa = PBXFileReference; includeInIndex = 1; lastKnownFileType = text.xcconfig; name = "Pods-Network layer.debug.xcconfig"; path = "Target Support Files/Pods-Network layer/Pods-Network layer.debug.xcconfig"; sourceTree = "<group>"; };
/* End PBXFileReference section */

/* Begin PBXFrameworksBuildPhase section */
		57EB99C1249165EA0096DDE4 /* Frameworks */ = {
			isa = PBXFrameworksBuildPhase;
			buildActionMask = 2147483647;
			files = (
				EF597A4687967ADD6994292D /* Pods_Network_layer.framework in Frameworks */,
			);
			runOnlyForDeploymentPostprocessing = 0;
		};
/* End PBXFrameworksBuildPhase section */

/* Begin PBXGroup section */
		4FA4AD94373D4EAF780886AE /* Frameworks */ = {
			isa = PBXGroup;
			children = (
				D89672BBF8576115CD2FE24B /* Pods_Network_layer.framework */,
			);
			name = Frameworks;
			sourceTree = "<group>";
		};
		577C1BC82491668C00AC9405 /* Network Manager */ = {
			isa = PBXGroup;
			children = (
				577C1BC9249166AB00AC9405 /* APIConfiguration.swift */,
				577C1BCB2491672400AC9405 /* Constant.swift */,
				577C1BCD249167DB00AC9405 /* APIRouter.swift */,
				57D6B72D24E792A400203BF8 /* NetworkCaller.swift */,
			);
			path = "Network Manager";
			sourceTree = "<group>";
		};
		577C1BCF24916BE400AC9405 /* Model */ = {
			isa = PBXGroup;
			children = (
				577C1BD024916BF100AC9405 /* DogResponse.swift */,
			);
			path = Model;
			sourceTree = "<group>";
		};
		57EB99BB249165EA0096DDE4 = {
			isa = PBXGroup;
			children = (
				57EB99C6249165EA0096DDE4 /* Network layer */,
				57EB99C5249165EA0096DDE4 /* Products */,
				66B3BD31CB1DD91DB0B1698B /* Pods */,
				4FA4AD94373D4EAF780886AE /* Frameworks */,
			);
			sourceTree = "<group>";
		};
		57EB99C5249165EA0096DDE4 /* Products */ = {
			isa = PBXGroup;
			children = (
				57EB99C4249165EA0096DDE4 /* Network layer.app */,
			);
			name = Products;
			sourceTree = "<group>";
		};
		57EB99C6249165EA0096DDE4 /* Network layer */ = {
			isa = PBXGroup;
			children = (
				577C1BCF24916BE400AC9405 /* Model */,
				577C1BC82491668C00AC9405 /* Network Manager */,
				57EB99C7249165EA0096DDE4 /* AppDelegate.swift */,
				57EB99C9249165EA0096DDE4 /* SceneDelegate.swift */,
				57EB99CB249165EA0096DDE4 /* ViewController.swift */,
				57EB99CD249165EA0096DDE4 /* Main.storyboard */,
				57EB99D0249165EB0096DDE4 /* Assets.xcassets */,
				57EB99D2249165EB0096DDE4 /* LaunchScreen.storyboard */,
				57EB99D5249165EB0096DDE4 /* Info.plist */,
			);
			path = "Network layer";
			sourceTree = "<group>";
		};
		66B3BD31CB1DD91DB0B1698B /* Pods */ = {
			isa = PBXGroup;
			children = (
				FCF989657F891E3E35303130 /* Pods-Network layer.debug.xcconfig */,
				5E268428A740A537BCD2C85A /* Pods-Network layer.release.xcconfig */,
			);
			path = Pods;
			sourceTree = "<group>";
		};
/* End PBXGroup section */

/* Begin PBXNativeTarget section */
		57EB99C3249165EA0096DDE4 /* Network layer */ = {
			isa = PBXNativeTarget;
			buildConfigurationList = 57EB99D8249165EB0096DDE4 /* Build configuration list for PBXNativeTarget "Network layer" */;
			buildPhases = (
				F89A3A0C8873CFAE9CDDA8CB /* [CP] Check Pods Manifest.lock */,
				57EB99C0249165EA0096DDE4 /* Sources */,
				57EB99C1249165EA0096DDE4 /* Frameworks */,
				57EB99C2249165EA0096DDE4 /* Resources */,
				C29295673F4FDA95730880D7 /* [CP] Embed Pods Frameworks */,
			);
			buildRules = (
			);
			dependencies = (
			);
			name = "Network layer";
			productName = "Network layer";
			productReference = 57EB99C4249165EA0096DDE4 /* Network layer.app */;
			productType = "com.apple.product-type.application";
		};
/* End PBXNativeTarget section */

/* Begin PBXProject section */
		57EB99BC249165EA0096DDE4 /* Project object */ = {
			isa = PBXProject;
			attributes = {
				LastSwiftUpdateCheck = 1130;
				LastUpgradeCheck = 1130;
				ORGANIZATIONNAME = "Belal medhat";
				TargetAttributes = {
					57EB99C3249165EA0096DDE4 = {
						CreatedOnToolsVersion = 11.3.1;
					};
				};
			};
			buildConfigurationList = 57EB99BF249165EA0096DDE4 /* Build configuration list for PBXProject "Network layer" */;
			compatibilityVersion = "Xcode 9.3";
			developmentRegion = en;
			hasScannedForEncodings = 0;
			knownRegions = (
				en,
				Base,
			);
			mainGroup = 57EB99BB249165EA0096DDE4;
			productRefGroup = 57EB99C5249165EA0096DDE4 /* Products */;
			projectDirPath = "";
			projectRoot = "";
			targets = (
				57EB99C3249165EA0096DDE4 /* Network layer */,
			);
		};
/* End PBXProject section */

/* Begin PBXResourcesBuildPhase section */
		57EB99C2249165EA0096DDE4 /* Resources */ = {
			isa = PBXResourcesBuildPhase;
			buildActionMask = 2147483647;
			files = (
				57EB99D4249165EB0096DDE4 /* LaunchScreen.storyboard in Resources */,
				57EB99D1249165EB0096DDE4 /* Assets.xcassets in Resources */,
				57EB99CF249165EA0096DDE4 /* Main.storyboard in Resources */,
			);
			runOnlyForDeploymentPostprocessing = 0;
		};
/* End PBXResourcesBuildPhase section */

/* Begin PBXShellScriptBuildPhase section */
		C29295673F4FDA95730880D7 /* [CP] Embed Pods Frameworks */ = {
			isa = PBXShellScriptBuildPhase;
			buildActionMask = 2147483647;
			files = (
			);
			inputFileListPaths = (
				"${PODS_ROOT}/Target Support Files/Pods-Network layer/Pods-Network layer-frameworks-${CONFIGURATION}-input-files.xcfilelist",
			);
			name = "[CP] Embed Pods Frameworks";
			outputFileListPaths = (
				"${PODS_ROOT}/Target Support Files/Pods-Network layer/Pods-Network layer-frameworks-${CONFIGURATION}-output-files.xcfilelist",
			);
			runOnlyForDeploymentPostprocessing = 0;
			shellPath = /bin/sh;
			shellScript = "\"${PODS_ROOT}/Target Support Files/Pods-Network layer/Pods-Network layer-frameworks.sh\"\n";
			showEnvVarsInLog = 0;
		};
		F89A3A0C8873CFAE9CDDA8CB /* [CP] Check Pods Manifest.lock */ = {
			isa = PBXShellScriptBuildPhase;
			buildActionMask = 2147483647;
			files = (
			);
			inputFileListPaths = (
			);
			inputPaths = (
				"${PODS_PODFILE_DIR_PATH}/Podfile.lock",
				"${PODS_ROOT}/Manifest.lock",
			);
			name = "[CP] Check Pods Manifest.lock";
			outputFileListPaths = (
			);
			outputPaths = (
				"$(DERIVED_FILE_DIR)/Pods-Network layer-checkManifestLockResult.txt",
			);
			runOnlyForDeploymentPostprocessing = 0;
			shellPath = /bin/sh;
			shellScript = "diff \"${PODS_PODFILE_DIR_PATH}/Podfile.lock\" \"${PODS_ROOT}/Manifest.lock\" > /dev/null\nif [ $? != 0 ] ; then\n    # print error to STDERR\n    echo \"error: The sandbox is not in sync with the Podfile.lock. Run 'pod install' or update your CocoaPods installation.\" >&2\n    exit 1\nfi\n# This output is used by Xcode 'outputs' to avoid re-running this script phase.\necho \"SUCCESS\" > \"${SCRIPT_OUTPUT_FILE_0}\"\n";
			showEnvVarsInLog = 0;
		};
/* End PBXShellScriptBuildPhase section */

/* Begin PBXSourcesBuildPhase section */
		57EB99C0249165EA0096DDE4 /* Sources */ = {
			isa = PBXSourcesBuildPhase;
			buildActionMask = 2147483647;
			files = (
				57EB99CC249165EA0096DDE4 /* ViewController.swift in Sources */,
				577C1BCE249167DB00AC9405 /* APIRouter.swift in Sources */,
				57EB99C8249165EA0096DDE4 /* AppDelegate.swift in Sources */,
				57D6B72E24E792A400203BF8 /* NetworkCaller.swift in Sources */,
				577C1BCC2491672400AC9405 /* Constant.swift in Sources */,
				57EB99CA249165EA0096DDE4 /* SceneDelegate.swift in Sources */,
				577C1BCA249166AB00AC9405 /* APIConfiguration.swift in Sources */,
				577C1BD124916BF100AC9405 /* DogResponse.swift in Sources */,
			);
			runOnlyForDeploymentPostprocessing = 0;
		};
/* End PBXSourcesBuildPhase section */

/* Begin PBXVariantGroup section */
		57EB99CD249165EA0096DDE4 /* Main.storyboard */ = {
			isa = PBXVariantGroup;
			children = (
				57EB99CE249165EA0096DDE4 /* Base */,
			);
			name = Main.storyboard;
			sourceTree = "<group>";
		};
		57EB99D2249165EB0096DDE4 /* LaunchScreen.storyboard */ = {
			isa = PBXVariantGroup;
			children = (
				57EB99D3249165EB0096DDE4 /* Base */,
			);
			name = LaunchScreen.storyboard;
			sourceTree = "<group>";
		};
/* End PBXVariantGroup section */

/* Begin XCBuildConfiguration section */
		57EB99D6249165EB0096DDE4 /* Debug */ = {
			isa = XCBuildConfiguration;
			buildSettings = {
				ALWAYS_SEARCH_USER_PATHS = NO;
				CLANG_ANALYZER_NONNULL = YES;
				CLANG_ANALYZER_NUMBER_OBJECT_CONVERSION = YES_AGGRESSIVE;
				CLANG_CXX_LANGUAGE_STANDARD = "gnu++14";
				CLANG_CXX_LIBRARY = "libc++";
				CLANG_ENABLE_MODULES = YES;
				CLANG_ENABLE_OBJC_ARC = YES;
				CLANG_ENABLE_OBJC_WEAK = YES;
				CLANG_WARN_BLOCK_CAPTURE_AUTORELEASING = YES;
				CLANG_WARN_BOOL_CONVERSION = YES;
				CLANG_WARN_COMMA = YES;
				CLANG_WARN_CONSTANT_CONVERSION = YES;
				CLANG_WARN_DEPRECATED_OBJC_IMPLEMENTATIONS = YES;
				CLANG_WARN_DIRECT_OBJC_ISA_USAGE = YES_ERROR;
				CLANG_WARN_DOCUMENTATION_COMMENTS = YES;
				CLANG_WARN_EMPTY_BODY = YES;
				CLANG_WARN_ENUM_CONVERSION = YES;
				CLANG_WARN_INFINITE_RECURSION = YES;
				CLANG_WARN_INT_CONVERSION = YES;
				CLANG_WARN_NON_LITERAL_NULL_CONVERSION = YES;
				CLANG_WARN_OBJC_IMPLICIT_RETAIN_SELF = YES;
				CLANG_WARN_OBJC_LITERAL_CONVERSION = YES;
				CLANG_WARN_OBJC_ROOT_CLASS = YES_ERROR;
				CLANG_WARN_RANGE_LOOP_ANALYSIS = YES;
				CLANG_WARN_STRICT_PROTOTYPES = YES;
				CLANG_WARN_SUSPICIOUS_MOVE = YES;
				CLANG_WARN_UNGUARDED_AVAILABILITY = YES_AGGRESSIVE;
				CLANG_WARN_UNREACHABLE_CODE = YES;
				CLANG_WARN__DUPLICATE_METHOD_MATCH = YES;
				COPY_PHASE_STRIP = NO;
				DEBUG_INFORMATION_FORMAT = dwarf;
				ENABLE_STRICT_OBJC_MSGSEND = YES;
				ENABLE_TESTABILITY = YES;
				GCC_C_LANGUAGE_STANDARD = gnu11;
				GCC_DYNAMIC_NO_PIC = NO;
				GCC_NO_COMMON_BLOCKS = YES;
				GCC_OPTIMIZATION_LEVEL = 0;
				GCC_PREPROCESSOR_DEFINITIONS = (
					"DEBUG=1",
					"$(inherited)",
				);
				GCC_WARN_64_TO_32_BIT_CONVERSION = YES;
				GCC_WARN_ABOUT_RETURN_TYPE = YES_ERROR;
				GCC_WARN_UNDECLARED_SELECTOR = YES;
				GCC_WARN_UNINITIALIZED_AUTOS = YES_AGGRESSIVE;
				GCC_WARN_UNUSED_FUNCTION = YES;
				GCC_WARN_UNUSED_VARIABLE = YES;
				IPHONEOS_DEPLOYMENT_TARGET = 13.2;
				MTL_ENABLE_DEBUG_INFO = INCLUDE_SOURCE;
				MTL_FAST_MATH = YES;
				ONLY_ACTIVE_ARCH = YES;
				SDKROOT = iphoneos;
				SWIFT_ACTIVE_COMPILATION_CONDITIONS = DEBUG;
				SWIFT_OPTIMIZATION_LEVEL = "-Onone";
			};
			name = Debug;
		};
		57EB99D7249165EB0096DDE4 /* Release */ = {
			isa = XCBuildConfiguration;
			buildSettings = {
				ALWAYS_SEARCH_USER_PATHS = NO;
				CLANG_ANALYZER_NONNULL = YES;
				CLANG_ANALYZER_NUMBER_OBJECT_CONVERSION = YES_AGGRESSIVE;
				CLANG_CXX_LANGUAGE_STANDARD = "gnu++14";
				CLANG_CXX_LIBRARY = "libc++";
				CLANG_ENABLE_MODULES = YES;
				CLANG_ENABLE_OBJC_ARC = YES;
				CLANG_ENABLE_OBJC_WEAK = YES;
				CLANG_WARN_BLOCK_CAPTURE_AUTORELEASING = YES;
				CLANG_WARN_BOOL_CONVERSION = YES;
				CLANG_WARN_COMMA = YES;
				CLANG_WARN_CONSTANT_CONVERSION = YES;
				CLANG_WARN_DEPRECATED_OBJC_IMPLEMENTATIONS = YES;
				CLANG_WARN_DIRECT_OBJC_ISA_USAGE = YES_ERROR;
				CLANG_WARN_DOCUMENTATION_COMMENTS = YES;
				CLANG_WARN_EMPTY_BODY = YES;
				CLANG_WARN_ENUM_CONVERSION = YES;
				CLANG_WARN_INFINITE_RECURSION = YES;
				CLANG_WARN_INT_CONVERSION = YES;
				CLANG_WARN_NON_LITERAL_NULL_CONVERSION = YES;
				CLANG_WARN_OBJC_IMPLICIT_RETAIN_SELF = YES;
				CLANG_WARN_OBJC_LITERAL_CONVERSION = YES;
				CLANG_WARN_OBJC_ROOT_CLASS = YES_ERROR;
				CLANG_WARN_RANGE_LOOP_ANALYSIS = YES;
				CLANG_WARN_STRICT_PROTOTYPES = YES;
				CLANG_WARN_SUSPICIOUS_MOVE = YES;
				CLANG_WARN_UNGUARDED_AVAILABILITY = YES_AGGRESSIVE;
				CLANG_WARN_UNREACHABLE_CODE = YES;
				CLANG_WARN__DUPLICATE_METHOD_MATCH = YES;
				COPY_PHASE_STRIP = NO;
				DEBUG_INFORMATION_FORMAT = "dwarf-with-dsym";
				ENABLE_NS_ASSERTIONS = NO;
				ENABLE_STRICT_OBJC_MSGSEND = YES;
				GCC_C_LANGUAGE_STANDARD = gnu11;
				GCC_NO_COMMON_BLOCKS = YES;
				GCC_WARN_64_TO_32_BIT_CONVERSION = YES;
				GCC_WARN_ABOUT_RETURN_TYPE = YES_ERROR;
				GCC_WARN_UNDECLARED_SELECTOR = YES;
				GCC_WARN_UNINITIALIZED_AUTOS = YES_AGGRESSIVE;
				GCC_WARN_UNUSED_FUNCTION = YES;
				GCC_WARN_UNUSED_VARIABLE = YES;
				IPHONEOS_DEPLOYMENT_TARGET = 13.2;
				MTL_ENABLE_DEBUG_INFO = NO;
				MTL_FAST_MATH = YES;
				SDKROOT = iphoneos;
				SWIFT_COMPILATION_MODE = wholemodule;
				SWIFT_OPTIMIZATION_LEVEL = "-O";
				VALIDATE_PRODUCT = YES;
			};
			name = Release;
		};
		57EB99D9249165EB0096DDE4 /* Debug */ = {
			isa = XCBuildConfiguration;
			baseConfigurationReference = FCF989657F891E3E35303130 /* Pods-Network layer.debug.xcconfig */;
			buildSettings = {
				ASSETCATALOG_COMPILER_APPICON_NAME = AppIcon;
				CODE_SIGN_STYLE = Automatic;
				DEVELOPMENT_TEAM = BC275ZBJ2Z;
				INFOPLIST_FILE = "Network layer/Info.plist";
				LD_RUNPATH_SEARCH_PATHS = (
					"$(inherited)",
					"@executable_path/Frameworks",
				);
				PRODUCT_BUNDLE_IDENTIFIER = "com.ISconfig.Network-layer";
				PRODUCT_NAME = "$(TARGET_NAME)";
				SWIFT_VERSION = 5.0;
				TARGETED_DEVICE_FAMILY = "1,2";
			};
			name = Debug;
		};
		57EB99DA249165EB0096DDE4 /* Release */ = {
			isa = XCBuildConfiguration;
			baseConfigurationReference = 5E268428A740A537BCD2C85A /* Pods-Network layer.release.xcconfig */;
			buildSettings = {
				ASSETCATALOG_COMPILER_APPICON_NAME = AppIcon;
				CODE_SIGN_STYLE = Automatic;
				DEVELOPMENT_TEAM = BC275ZBJ2Z;
				INFOPLIST_FILE = "Network layer/Info.plist";
				LD_RUNPATH_SEARCH_PATHS = (
					"$(inherited)",
					"@executable_path/Frameworks",
				);
				PRODUCT_BUNDLE_IDENTIFIER = "com.ISconfig.Network-layer";
				PRODUCT_NAME = "$(TARGET_NAME)";
				SWIFT_VERSION = 5.0;
				TARGETED_DEVICE_FAMILY = "1,2";
			};
			name = Release;
		};
/* End XCBuildConfiguration section */

/* Begin XCConfigurationList section */
		57EB99BF249165EA0096DDE4 /* Build configuration list for PBXProject "Network layer" */ = {
			isa = XCConfigurationList;
			buildConfigurations = (
				57EB99D6249165EB0096DDE4 /* Debug */,
				57EB99D7249165EB0096DDE4 /* Release */,
			);
			defaultConfigurationIsVisible = 0;
			defaultConfigurationName = Release;
		};
		57EB99D8249165EB0096DDE4 /* Build configuration list for PBXNativeTarget "Network layer" */ = {
			isa = XCConfigurationList;
			buildConfigurations = (
				57EB99D9249165EB0096DDE4 /* Debug */,
				57EB99DA249165EB0096DDE4 /* Release */,
			);
			defaultConfigurationIsVisible = 0;
			defaultConfigurationName = Release;
		};
/* End XCConfigurationList section */
	};
	rootObject = 57EB99BC249165EA0096DDE4 /* Project object */;
}
